{
  "nodes": {
    "arduino-index": {
      "flake": false,
      "locked": {
        "lastModified": 1780446597,
        "narHash": "sha256-14niXoMePVIIloaFb+glymzWjxck77apgUWkQvX588s=",
        "owner": "bouk",
        "repo": "arduino-indexes",
        "rev": "4933d3198bebc110baa5ee253ee8f694773d7cb9",
        "type": "github"
      },
      "original": {
        "owner": "bouk",
        "repo": "arduino-indexes",
        "type": "github"
      }
    },
    "arduino-nix": {
      "locked": {
        "lastModified": 1758613361,
        "narHash": "sha256-ulyRVe492In6I/jXhCYzLuPwoQqv+jhDLHUikK0jdh0=",
        "owner": "bouk",
        "repo": "arduino-nix",
        "rev": "cfa82ced5b5d9436edec9238cf493f6b2c643869",
        "type": "github"
      },
      "original": {
        "owner": "bouk",
        "repo": "arduino-nix",
        "type": "github"
      }
    },
    "nixos-hardware": {
      "inputs": {
        "nixpkgs": "nixpkgs"
      },
      "locked": {
        "lastModified": 1780310866,
        "narHash": "sha256-fPBRVf6A5xlACYcOI59shGrjURuvwu0lRsDoSCEXt/I=",
        "owner": "NixOS",
        "repo": "nixos-hardware",
        "rev": "4ed851c979641e28597a05086332d75cdc9e395f",
        "type": "github"
      },
      "original": {
        "owner": "NixOS",
        "ref": "master",
        "repo": "nixos-hardware",
        "type": "github"
      }
    },
    "nixos-pi-zero-2-src": {
      "flake": false,
      "locked": {
        "lastModified": 1771397883,
        "narHash": "sha256-udGrTLXWswEmjOCn84tWJoTd2220KarrCOoHPbiw/W0=",
        "owner": "plmercereau",
        "repo": "nixos-pi-zero-2",
        "rev": "9005a43edafff1e7a0e8c2d59c5546c199af3f7c",
        "type": "github"
      },
      "original": {
        "owner": "plmercereau",
        "repo": "nixos-pi-zero-2",
        "type": "github"
      }
    },
    "nixpkgs": {
      "locked": {
        "lastModified": 1767892417,
        "narHash": "sha256-8bW3q88CEg2u4hSP66Vf4lpbLonHz7hqDNBMcCY7E9U=",
        "rev": "3497aa5c9457a9d88d71fa93a4a8368816fbeeba",
        "type": "tarball",
        "url": "https://releases.nixos.org/nixos/unstable/nixos-26.05pre924538.3497aa5c9457/nixexprs.tar.xz"
      },
      "original": {
        "type": "tarball",
        "url": "https://channels.nixos.org/nixos-unstable/nixexprs.tar.xz"
      }
    },
    "nixpkgs_2": {
      "locked": {
        "lastModified": 1780203844,
        "narHash": "sha256-K5sT4jTpGs15ADhviMKNBH38REpPf5Q6mM1+N6cArVE=",
        "owner": "NixOS",
        "repo": "nixpkgs",
        "rev": "b51242d7d43689db2f3be91bd05d5b24fbb469c4",
        "type": "github"
      },
      "original": {
        "owner": "NixOS",
        "ref": "nixos-26.05",
        "repo": "nixpkgs",
        "type": "github"
      }
    },
    "ovmerge-src": {
      "flake": false,
      "locked": {
        "dir": "ovmerge",
        "lastModified": 1780389722,
        "narHash": "sha256-+Gl/rfbkVxovJfjvS9Otn6FDpQchVVhp8hR9jVA5IiU=",
        "owner": "raspberrypi",
        "repo": "utils",
        "rev": "c166688baffcdcd78638d7b1f1cb7e8edfae8445",
        "type": "github"
      },
      "original": {
        "dir": "ovmerge",
        "owner": "raspberrypi",
        "repo": "utils",
        "type": "github"
      }
    },
    "retroarch-src": {
      "flake": false,
      "locked": {
        "lastModified": 1781860375,
        "narHash": "sha256-TLvSjBEq3JDG86QFYfYYdk6xQBy6zTroJboarXyqXKQ=",
        "owner": "jecaro",
        "repo": "RetroArch",
        "rev": "857a215cd972bfe96c1be565ffe7a4ba27016a29",
        "type": "github"
      },
      "original": {
        "owner": "jecaro",
        "ref": "circuix-sword-26.05",
        "repo": "RetroArch",
        "type": "github"
      }
    },
    "root": {
      "inputs": {
        "arduino-index": "arduino-index",
        "arduino-nix": "arduino-nix",
        "nixos-hardware": "nixos-hardware",
        "nixos-pi-zero-2-src": "nixos-pi-zero-2-src",
        "nixpkgs": "nixpkgs_2",
        "ovmerge-src": "ovmerge-src",
        "retroarch-src": "retroarch-src",
        "rpifirmware": "rpifirmware"
      }
    },
    "rpifirmware": {
      "flake": false,
      "locked": {
        "lastModified": 1780400916,
        "narHash": "sha256-q6rZF/ZJ6iDeX+uJgXEptgd8NCDjJK6x0qRmytiYsH8=",
        "owner": "raspberrypi",
        "repo": "linux",
        "rev": "fb6ce65000734ccf6d371b4f0e74716d14cc1972",
        "type": "github"
      },
      "original": {
        "owner": "raspberrypi",
        "ref": "rpi-6.12.y",
        "repo": "linux",
        "type": "github"
      }
    }
  },
  "root": "root",
  "version": 7
}
