{
  "nodes": {
    "arduino-index": {
      "flake": false,
      "locked": {
        "lastModified": 1767484922,
        "narHash": "sha256-ov6b+Lw3ClZF1VTerrwJZiGE99bXs5By5KXEauHTNlA=",
        "owner": "bouk",
        "repo": "arduino-indexes",
        "rev": "39720171fabc84e3e7b5bb55612067c5aff3186c",
        "type": "github"
      },
      "original": {
        "owner": "bouk",
        "repo": "arduino-indexes",
        "type": "github"
      }
    },
    "arduino-nix": {
      "locked": {
        "lastModified": 1758613361,
        "narHash": "sha256-ulyRVe492In6I/jXhCYzLuPwoQqv+jhDLHUikK0jdh0=",
        "owner": "bouk",
        "repo": "arduino-nix",
        "rev": "cfa82ced5b5d9436edec9238cf493f6b2c643869",
        "type": "github"
      },
      "original": {
        "owner": "bouk",
        "repo": "arduino-nix",
        "type": "github"
      }
    },
    "nixos-hardware": {
      "locked": {
        "lastModified": 1767185284,
        "narHash": "sha256-ljDBUDpD1Cg5n3mJI81Hz5qeZAwCGxon4kQW3Ho3+6Q=",
        "owner": "NixOS",
        "repo": "nixos-hardware",
        "rev": "40b1a28dce561bea34858287fbb23052c3ee63fe",
        "type": "github"
      },
      "original": {
        "owner": "NixOS",
        "ref": "master",
        "repo": "nixos-hardware",
        "type": "github"
      }
    },
    "nixos-pi-zero-2-src": {
      "flake": false,
      "locked": {
        "lastModified": 1758120539,
        "narHash": "sha256-s407WxYysBIT+cc0U+t39kkMsyOn74A40PhzNFZzRkE=",
        "owner": "plmercereau",
        "repo": "nixos-pi-zero-2",
        "rev": "e3c85e2198cf8f0a9e3d3fe6a96cda53267e6ea6",
        "type": "github"
      },
      "original": {
        "owner": "plmercereau",
        "repo": "nixos-pi-zero-2",
        "type": "github"
      }
    },
    "nixpkgs": {
      "locked": {
        "lastModified": 1767325753,
        "narHash": "sha256-yA/CuWyqm+AQo2ivGy6PlYrjZBQm7jfbe461+4HF2fo=",
        "owner": "NixOS",
        "repo": "nixpkgs",
        "rev": "64049ca74d63e971b627b5f3178d95642e61cedd",
        "type": "github"
      },
      "original": {
        "owner": "NixOS",
        "ref": "nixos-25.11",
        "repo": "nixpkgs",
        "type": "github"
      }
    },
    "ovmerge-src": {
      "flake": false,
      "locked": {
        "dir": "ovmerge",
        "lastModified": 1765983522,
        "narHash": "sha256-x3E8DwKKCmjxloCRB8djqNwuyrR4rok+JcNgPQ1ZH3Y=",
        "owner": "raspberrypi",
        "repo": "utils",
        "rev": "230d67ad28e74b17a42064453b2163991cb51a5e",
        "type": "github"
      },
      "original": {
        "dir": "ovmerge",
        "owner": "raspberrypi",
        "repo": "utils",
        "type": "github"
      }
    },
    "retroarch-src": {
      "flake": false,
      "locked": {
        "lastModified": 1767473278,
        "narHash": "sha256-T849pexOxsAXAkHoPodBGRCP52z+CjOYRlGYkqZ2bKs=",
        "owner": "jecaro",
        "repo": "RetroArch",
        "rev": "0ad256cab778e3827843dff893a12e2eb9274498",
        "type": "github"
      },
      "original": {
        "owner": "jecaro",
        "ref": "circuix-sword-25.11",
        "repo": "RetroArch",
        "type": "github"
      }
    },
    "root": {
      "inputs": {
        "arduino-index": "arduino-index",
        "arduino-nix": "arduino-nix",
        "nixos-hardware": "nixos-hardware",
        "nixos-pi-zero-2-src": "nixos-pi-zero-2-src",
        "nixpkgs": "nixpkgs",
        "ovmerge-src": "ovmerge-src",
        "retroarch-src": "retroarch-src",
        "rpifirmware": "rpifirmware"
      }
    },
    "rpifirmware": {
      "flake": false,
      "locked": {
        "lastModified": 1765961241,
        "narHash": "sha256-jcSzPoCCnmZU1GDBUWAljIUjZRzbfdh2aQB9/GOc5mQ=",
        "owner": "raspberrypi",
        "repo": "linux",
        "rev": "a1073743767f9e7fdc7017ababd2a07ea0c97c1c",
        "type": "github"
      },
      "original": {
        "owner": "raspberrypi",
        "ref": "rpi-6.12.y",
        "repo": "linux",
        "type": "github"
      }
    }
  },
  "root": "root",
  "version": 7
}
