{
  "nodes": {
    "arduino-index": {
      "flake": false,
      "locked": {
        "lastModified": 1747180887,
        "narHash": "sha256-a637sRh+KQI1+GMQk62QtOa+XYSyxpWKpx7Jeh2G68I=",
        "owner": "bouk",
        "repo": "arduino-indexes",
        "rev": "a02d071e6d22c16679f332d8b8d819bab28fa87f",
        "type": "github"
      },
      "original": {
        "owner": "bouk",
        "repo": "arduino-indexes",
        "type": "github"
      }
    },
    "arduino-nix": {
      "locked": {
        "lastModified": 1735332078,
        "narHash": "sha256-PGZVUTg8BQKL1QgTr3Fcia8RBYYqsbHbx9lIunqdmxQ=",
        "owner": "bouk",
        "repo": "arduino-nix",
        "rev": "dd6c6f4de7d8d8bb460508de911c120dfc35b709",
        "type": "github"
      },
      "original": {
        "owner": "bouk",
        "repo": "arduino-nix",
        "type": "github"
      }
    },
    "nixos-hardware": {
      "locked": {
        "lastModified": 1743420942,
        "narHash": "sha256-b/exDDQSLmENZZgbAEI3qi9yHkuXAXCPbormD8CSJXo=",
        "owner": "NixOS",
        "repo": "nixos-hardware",
        "rev": "de6fc5551121c59c01e2a3d45b277a6d05077bc4",
        "type": "github"
      },
      "original": {
        "owner": "NixOS",
        "ref": "master",
        "repo": "nixos-hardware",
        "type": "github"
      }
    },
    "nixos-pi-zero-2-src": {
      "flake": false,
      "locked": {
        "lastModified": 1744346518,
        "narHash": "sha256-PZqYdiN7Mo17AAUupYo6p459Bw+qwDrbqQowTwhByzc=",
        "owner": "plmercereau",
        "repo": "nixos-pi-zero-2",
        "rev": "152bc9886b78eeab3048f189e982136d12267b01",
        "type": "github"
      },
      "original": {
        "owner": "plmercereau",
        "repo": "nixos-pi-zero-2",
        "type": "github"
      }
    },
    "nixpkgs": {
      "locked": {
        "lastModified": 1743576891,
        "narHash": "sha256-vXiKURtntURybE6FMNFAVpRPr8+e8KoLPrYs9TGuAKc=",
        "owner": "NixOS",
        "repo": "nixpkgs",
        "rev": "44a69ed688786e98a101f02b712c313f1ade37ab",
        "type": "github"
      },
      "original": {
        "owner": "NixOS",
        "ref": "nixos-24.11",
        "repo": "nixpkgs",
        "type": "github"
      }
    },
    "ovmerge-src": {
      "flake": false,
      "locked": {
        "dir": "ovmerge",
        "lastModified": 1742303330,
        "narHash": "sha256-ItknnAWicXK1pfAVbSgSBj1SAx7oxnhsAZsRyaqfCDM=",
        "owner": "raspberrypi",
        "repo": "utils",
        "rev": "92900c5c733c8b91a67b1772d4f0a25104f2b05d",
        "type": "github"
      },
      "original": {
        "dir": "ovmerge",
        "owner": "raspberrypi",
        "repo": "utils",
        "type": "github"
      }
    },
    "retroarch-src": {
      "flake": false,
      "locked": {
        "lastModified": 1747151079,
        "narHash": "sha256-cqNY3m+G4Tbsa06RwP0e8eFsZ6BfjFe+3yCM3dSkk/k=",
        "owner": "jecaro",
        "repo": "RetroArch",
        "rev": "5290b788cbae6dcaf8a7dd43ddd7c9270a2fcb8f",
        "type": "github"
      },
      "original": {
        "owner": "jecaro",
        "ref": "circuix-sword",
        "repo": "RetroArch",
        "type": "github"
      }
    },
    "root": {
      "inputs": {
        "arduino-index": "arduino-index",
        "arduino-nix": "arduino-nix",
        "nixos-hardware": "nixos-hardware",
        "nixos-pi-zero-2-src": "nixos-pi-zero-2-src",
        "nixpkgs": "nixpkgs",
        "ovmerge-src": "ovmerge-src",
        "retroarch-src": "retroarch-src",
        "rpifirmware": "rpifirmware"
      }
    },
    "rpifirmware": {
      "flake": false,
      "locked": {
        "lastModified": 1744038528,
        "narHash": "sha256-F5pYVExFWC3Vb7I/kyhB0+Kn3LTM0kblwc5aLopOsok=",
        "owner": "raspberrypi",
        "repo": "linux",
        "rev": "1284626bb6c6728a5b792eea2a615f9e0edde32d",
        "type": "github"
      },
      "original": {
        "owner": "raspberrypi",
        "ref": "rpi-6.12.y",
        "repo": "linux",
        "type": "github"
      }
    }
  },
  "root": "root",
  "version": 7
}
